// !$*UTF8*$!
{
	archiveVersion = 1;
	classes = {
	};
	objectVersion = 48;
	objects = {

/* Begin PBXBuildFile section */
		56313D8D1FAC03F300336AF0 /* Toast.swift in Sources */ = {isa = PBXBuildFile; fileRef = 56313D8C1FAC03F300336AF0 /* Toast.swift */; };
		5632640E1FA95C2400C16A37 /* Interface.storyboard in Resources */ = {isa = PBXBuildFile; fileRef = 5632640C1FA95C2400C16A37 /* Interface.storyboard */; };
		563264101FA95C2400C16A37 /* Assets.xcassets in Resources */ = {isa = PBXBuildFile; fileRef = 5632640F1FA95C2400C16A37 /* Assets.xcassets */; };
		563264171FA95C2400C16A37 /* WatchApp Extension.appex in Embed App Extensions */ = {isa = PBXBuildFile; fileRef = 563264161FA95C2400C16A37 /* WatchApp Extension.appex */; settings = {ATTRIBUTES = (RemoveHeadersOnCopy, ); }; };
		5632641C1FA95C2400C16A37 /* InterfaceController.swift in Sources */ = {isa = PBXBuildFile; fileRef = 5632641B1FA95C2400C16A37 /* InterfaceController.swift */; };
		5632641E1FA95C2400C16A37 /* ExtensionDelegate.swift in Sources */ = {isa = PBXBuildFile; fileRef = 5632641D1FA95C2400C16A37 /* ExtensionDelegate.swift */; };
		563264201FA95C2400C16A37 /* NotificationController.swift in Sources */ = {isa = PBXBuildFile; fileRef = 5632641F1FA95C2400C16A37 /* NotificationController.swift */; };
		563264221FA95C2400C16A37 /* Assets.xcassets in Resources */ = {isa = PBXBuildFile; fileRef = 563264211FA95C2400C16A37 /* Assets.xcassets */; };
		563264271FA95C2400C16A37 /* WatchApp.app in Embed Watch Content */ = {isa = PBXBuildFile; fileRef = 5632640A1FA95C2400C16A37 /* WatchApp.app */; };
		563264301FAA90E000C16A37 /* Assets.xcassets in Resources */ = {isa = PBXBuildFile; fileRef = 5632640F1FA95C2400C16A37 /* Assets.xcassets */; };
		563264331FAAA0A200C16A37 /* Enums.swift in Sources */ = {isa = PBXBuildFile; fileRef = 563264321FAAA0A200C16A37 /* Enums.swift */; };
		563264341FAAA0B000C16A37 /* Enums.swift in Sources */ = {isa = PBXBuildFile; fileRef = 563264321FAAA0A200C16A37 /* Enums.swift */; };
		8E0C69141FAA23D10054397F /* LandscapeNavViewController.swift in Sources */ = {isa = PBXBuildFile; fileRef = 8E0C69131FAA23D10054397F /* LandscapeNavViewController.swift */; };
		8E0C69161FAA3F1E0054397F /* JourneyCell.swift in Sources */ = {isa = PBXBuildFile; fileRef = 8E0C69151FAA3F1E0054397F /* JourneyCell.swift */; };
		8E0C69181FAA9FB40054397F /* TimerStep.swift in Sources */ = {isa = PBXBuildFile; fileRef = 8E0C69171FAA9FB30054397F /* TimerStep.swift */; };
		8E55B1491FAB74A5005E89E6 /* StepCounter.swift in Sources */ = {isa = PBXBuildFile; fileRef = 8E55B1481FAB74A5005E89E6 /* StepCounter.swift */; };
		8E8607BB1FABBC5200B92685 /* ConfigurationController.swift in Sources */ = {isa = PBXBuildFile; fileRef = 8E8607BA1FABBC5200B92685 /* ConfigurationController.swift */; };
		FF0482701FA7CD8500325EB7 /* TableViews+Porsche.swift in Sources */ = {isa = PBXBuildFile; fileRef = FF04826F1FA7CD8500325EB7 /* TableViews+Porsche.swift */; };
		FF27BC731FAA9F04005061C9 /* CheckoutController.swift in Sources */ = {isa = PBXBuildFile; fileRef = FF27BC721FAA9F04005061C9 /* CheckoutController.swift */; };
		FF37A8721FA7D47D0046D7D5 /* Views+Porsche.swift in Sources */ = {isa = PBXBuildFile; fileRef = FF37A8711FA7D47D0046D7D5 /* Views+Porsche.swift */; };
		FF6002B71FA807940055782D /* ValetParkingController.swift in Sources */ = {isa = PBXBuildFile; fileRef = FF6002B61FA807940055782D /* ValetParkingController.swift */; };
		FF6002B91FA807BE0055782D /* HotelCheckInController.swift in Sources */ = {isa = PBXBuildFile; fileRef = FF6002B81FA807BE0055782D /* HotelCheckInController.swift */; };
		FF6002BB1FA807E30055782D /* RideController.swift in Sources */ = {isa = PBXBuildFile; fileRef = FF6002BA1FA807E30055782D /* RideController.swift */; };
		FF6002BD1FA807F30055782D /* RoomKeyController.swift in Sources */ = {isa = PBXBuildFile; fileRef = FF6002BC1FA807F30055782D /* RoomKeyController.swift */; };
		FF6002C01FA808C40055782D /* Modals.storyboard in Resources */ = {isa = PBXBuildFile; fileRef = FF6002BE1FA808C40055782D /* Modals.storyboard */; };
		FF6002C21FA81D500055782D /* ActionsTapGestureRecognizer.swift in Sources */ = {isa = PBXBuildFile; fileRef = FF6002C11FA81D500055782D /* ActionsTapGestureRecognizer.swift */; };
		FF840BA11FA79A0A00C63159 /* AppDelegate.swift in Sources */ = {isa = PBXBuildFile; fileRef = FF840BA01FA79A0A00C63159 /* AppDelegate.swift */; };
		FF840BA61FA79A0A00C63159 /* Main.storyboard in Resources */ = {isa = PBXBuildFile; fileRef = FF840BA41FA79A0A00C63159 /* Main.storyboard */; };
		FF840BA81FA79A0A00C63159 /* Assets.xcassets in Resources */ = {isa = PBXBuildFile; fileRef = FF840BA71FA79A0A00C63159 /* Assets.xcassets */; };
		FF840BAB1FA79A0A00C63159 /* LaunchScreen.storyboard in Resources */ = {isa = PBXBuildFile; fileRef = FF840BA91FA79A0A00C63159 /* LaunchScreen.storyboard */; };
		FFB0405E1FA7A51A00038E18 /* HomeController.swift in Sources */ = {isa = PBXBuildFile; fileRef = FFB0405D1FA7A51A00038E18 /* HomeController.swift */; };
		FFB040601FA7A58500038E18 /* PreferencesController.swift in Sources */ = {isa = PBXBuildFile; fileRef = FFB0405F1FA7A58500038E18 /* PreferencesController.swift */; };
		FFB040621FA7A59700038E18 /* CitySelectionController.swift in Sources */ = {isa = PBXBuildFile; fileRef = FFB040611FA7A59700038E18 /* CitySelectionController.swift */; };
		FFB040641FA7A5A500038E18 /* ProfileController.swift in Sources */ = {isa = PBXBuildFile; fileRef = FFB040631FA7A5A500038E18 /* ProfileController.swift */; };
		FFB040661FA7A5B100038E18 /* ItineraryController.swift in Sources */ = {isa = PBXBuildFile; fileRef = FFB040651FA7A5B100038E18 /* ItineraryController.swift */; };
		FFB040691FA7A6AE00038E18 /* Storyboard.swift in Sources */ = {isa = PBXBuildFile; fileRef = FFB040681FA7A6AE00038E18 /* Storyboard.swift */; };
		FFB0406F1FA7A78300038E18 /* HomeTableController.swift in Sources */ = {isa = PBXBuildFile; fileRef = FFB0406E1FA7A78300038E18 /* HomeTableController.swift */; };
		FFB040711FA7A79200038E18 /* PreferencesTableController.swift in Sources */ = {isa = PBXBuildFile; fileRef = FFB040701FA7A79200038E18 /* PreferencesTableController.swift */; };
		FFB040731FA7A7A400038E18 /* CitySelectionTableController.swift in Sources */ = {isa = PBXBuildFile; fileRef = FFB040721FA7A7A400038E18 /* CitySelectionTableController.swift */; };
		FFB040751FA7A7B900038E18 /* ProfileTableController.swift in Sources */ = {isa = PBXBuildFile; fileRef = FFB040741FA7A7B900038E18 /* ProfileTableController.swift */; };
		FFB040781FA7A7D400038E18 /* ItineraryTableController.swift in Sources */ = {isa = PBXBuildFile; fileRef = FFB040771FA7A7D400038E18 /* ItineraryTableController.swift */; };
		FFB0407A1FA7AFD500038E18 /* NavyController.swift in Sources */ = {isa = PBXBuildFile; fileRef = FFB040791FA7AFD500038E18 /* NavyController.swift */; };
		FFB1EE1D1FA7DBB50022D685 /* ImageViewCell.swift in Sources */ = {isa = PBXBuildFile; fileRef = FFB1EE1B1FA7DBB50022D685 /* ImageViewCell.swift */; };
		FFB1EE1E1FA7DBB50022D685 /* ImageViewCell.xib in Resources */ = {isa = PBXBuildFile; fileRef = FFB1EE1C1FA7DBB50022D685 /* ImageViewCell.xib */; };
		FFB1EE211FA7DC310022D685 /* CollectionCell.swift in Sources */ = {isa = PBXBuildFile; fileRef = FFB1EE1F1FA7DC300022D685 /* CollectionCell.swift */; };
		FFB1EE221FA7DC310022D685 /* CollectionCell.xib in Resources */ = {isa = PBXBuildFile; fileRef = FFB1EE201FA7DC310022D685 /* CollectionCell.xib */; };
		FFB1EE251FA7DC470022D685 /* horizontalItem.swift in Sources */ = {isa = PBXBuildFile; fileRef = FFB1EE231FA7DC470022D685 /* horizontalItem.swift */; };
		FFB1EE261FA7DC470022D685 /* horizontalItem.xib in Resources */ = {isa = PBXBuildFile; fileRef = FFB1EE241FA7DC470022D685 /* horizontalItem.xib */; };
		FFBC69061FABFFCE008AE1C9 /* CheckoutSuccessController.swift in Sources */ = {isa = PBXBuildFile; fileRef = FFBC69051FABFFCE008AE1C9 /* CheckoutSuccessController.swift */; };
		FFC0EAA41FA7E10200C4ED9F /* CollectionCell_Clone.xib in Resources */ = {isa = PBXBuildFile; fileRef = FFC0EAA21FA7E10200C4ED9F /* CollectionCell_Clone.xib */; };
		FFC0EAA51FA7E10200C4ED9F /* CollectionCell_Clone.swift in Sources */ = {isa = PBXBuildFile; fileRef = FFC0EAA31FA7E10200C4ED9F /* CollectionCell_Clone.swift */; };
/* End PBXBuildFile section */

/* Begin PBXContainerItemProxy section */
		563264181FA95C2400C16A37 /* PBXContainerItemProxy */ = {
			isa = PBXContainerItemProxy;
			containerPortal = FF840B951FA79A0900C63159 /* Project object */;
			proxyType = 1;
			remoteGlobalIDString = 563264151FA95C2400C16A37;
			remoteInfo = "WatchApp Extension";
		};
		563264251FA95C2400C16A37 /* PBXContainerItemProxy */ = {
			isa = PBXContainerItemProxy;
			containerPortal = FF840B951FA79A0900C63159 /* Project object */;
			proxyType = 1;
			remoteGlobalIDString = 563264091FA95C2400C16A37;
			remoteInfo = WatchApp;
		};
/* End PBXContainerItemProxy section */

/* Begin PBXCopyFilesBuildPhase section */
		5632642D1FA95C2400C16A37 /* Embed App Extensions */ = {
			isa = PBXCopyFilesBuildPhase;
			buildActionMask = 2147483647;
			dstPath = "";
			dstSubfolderSpec = 13;
			files = (
				563264171FA95C2400C16A37 /* WatchApp Extension.appex in Embed App Extensions */,
			);
			name = "Embed App Extensions";
			runOnlyForDeploymentPostprocessing = 0;
		};
		5632642F1FA95C2400C16A37 /* Embed Watch Content */ = {
			isa = PBXCopyFilesBuildPhase;
			buildActionMask = 2147483647;
			dstPath = "$(CONTENTS_FOLDER_PATH)/Watch";
			dstSubfolderSpec = 16;
			files = (
				563264271FA95C2400C16A37 /* WatchApp.app in Embed Watch Content */,
			);
			name = "Embed Watch Content";
			runOnlyForDeploymentPostprocessing = 0;
		};
/* End PBXCopyFilesBuildPhase section */

/* Begin PBXFileReference section */
		56313D8C1FAC03F300336AF0 /* Toast.swift */ = {isa = PBXFileReference; fileEncoding = 4; lastKnownFileType = sourcecode.swift; path = Toast.swift; sourceTree = "<group>"; };
		5632640A1FA95C2400C16A37 /* WatchApp.app */ = {isa = PBXFileReference; explicitFileType = wrapper.application; includeInIndex = 0; path = WatchApp.app; sourceTree = BUILT_PRODUCTS_DIR; };
		5632640D1FA95C2400C16A37 /* Base */ = {isa = PBXFileReference; lastKnownFileType = file.storyboard; name = Base; path = Base.lproj/Interface.storyboard; sourceTree = "<group>"; };
		5632640F1FA95C2400C16A37 /* Assets.xcassets */ = {isa = PBXFileReference; lastKnownFileType = folder.assetcatalog; path = Assets.xcassets; sourceTree = "<group>"; };
		563264111FA95C2400C16A37 /* Info.plist */ = {isa = PBXFileReference; lastKnownFileType = text.plist.xml; path = Info.plist; sourceTree = "<group>"; };
		563264161FA95C2400C16A37 /* WatchApp Extension.appex */ = {isa = PBXFileReference; explicitFileType = "wrapper.app-extension"; includeInIndex = 0; path = "WatchApp Extension.appex"; sourceTree = BUILT_PRODUCTS_DIR; };
		5632641B1FA95C2400C16A37 /* InterfaceController.swift */ = {isa = PBXFileReference; lastKnownFileType = sourcecode.swift; path = InterfaceController.swift; sourceTree = "<group>"; };
		5632641D1FA95C2400C16A37 /* ExtensionDelegate.swift */ = {isa = PBXFileReference; lastKnownFileType = sourcecode.swift; path = ExtensionDelegate.swift; sourceTree = "<group>"; };
		5632641F1FA95C2400C16A37 /* NotificationController.swift */ = {isa = PBXFileReference; lastKnownFileType = sourcecode.swift; path = NotificationController.swift; sourceTree = "<group>"; };
		563264211FA95C2400C16A37 /* Assets.xcassets */ = {isa = PBXFileReference; lastKnownFileType = folder.assetcatalog; path = Assets.xcassets; sourceTree = "<group>"; };
		563264231FA95C2400C16A37 /* Info.plist */ = {isa = PBXFileReference; lastKnownFileType = text.plist.xml; path = Info.plist; sourceTree = "<group>"; };
		563264241FA95C2400C16A37 /* PushNotificationPayload.apns */ = {isa = PBXFileReference; lastKnownFileType = text; path = PushNotificationPayload.apns; sourceTree = "<group>"; };
		563264321FAAA0A200C16A37 /* Enums.swift */ = {isa = PBXFileReference; lastKnownFileType = sourcecode.swift; path = Enums.swift; sourceTree = "<group>"; };
		8E0C69131FAA23D10054397F /* LandscapeNavViewController.swift */ = {isa = PBXFileReference; lastKnownFileType = sourcecode.swift; path = LandscapeNavViewController.swift; sourceTree = "<group>"; };
		8E0C69151FAA3F1E0054397F /* JourneyCell.swift */ = {isa = PBXFileReference; lastKnownFileType = sourcecode.swift; path = JourneyCell.swift; sourceTree = "<group>"; };
		8E0C69171FAA9FB30054397F /* TimerStep.swift */ = {isa = PBXFileReference; fileEncoding = 4; lastKnownFileType = sourcecode.swift; path = TimerStep.swift; sourceTree = "<group>"; };
		8E55B1481FAB74A5005E89E6 /* StepCounter.swift */ = {isa = PBXFileReference; lastKnownFileType = sourcecode.swift; path = StepCounter.swift; sourceTree = "<group>"; };
		8E8607BA1FABBC5200B92685 /* ConfigurationController.swift */ = {isa = PBXFileReference; lastKnownFileType = sourcecode.swift; path = ConfigurationController.swift; sourceTree = "<group>"; };
		FF04826F1FA7CD8500325EB7 /* TableViews+Porsche.swift */ = {isa = PBXFileReference; fileEncoding = 4; lastKnownFileType = sourcecode.swift; path = "TableViews+Porsche.swift"; sourceTree = "<group>"; };
		FF27BC721FAA9F04005061C9 /* CheckoutController.swift */ = {isa = PBXFileReference; lastKnownFileType = sourcecode.swift; path = CheckoutController.swift; sourceTree = "<group>"; };
		FF37A8711FA7D47D0046D7D5 /* Views+Porsche.swift */ = {isa = PBXFileReference; fileEncoding = 4; lastKnownFileType = sourcecode.swift; path = "Views+Porsche.swift"; sourceTree = "<group>"; };
		FF6002B61FA807940055782D /* ValetParkingController.swift */ = {isa = PBXFileReference; lastKnownFileType = sourcecode.swift; path = ValetParkingController.swift; sourceTree = "<group>"; };
		FF6002B81FA807BE0055782D /* HotelCheckInController.swift */ = {isa = PBXFileReference; lastKnownFileType = sourcecode.swift; path = HotelCheckInController.swift; sourceTree = "<group>"; };
		FF6002BA1FA807E30055782D /* RideController.swift */ = {isa = PBXFileReference; lastKnownFileType = sourcecode.swift; path = RideController.swift; sourceTree = "<group>"; };
		FF6002BC1FA807F30055782D /* RoomKeyController.swift */ = {isa = PBXFileReference; lastKnownFileType = sourcecode.swift; path = RoomKeyController.swift; sourceTree = "<group>"; };
		FF6002BF1FA808C40055782D /* Base */ = {isa = PBXFileReference; lastKnownFileType = file.storyboard; name = Base; path = Base.lproj/Modals.storyboard; sourceTree = "<group>"; };
		FF6002C11FA81D500055782D /* ActionsTapGestureRecognizer.swift */ = {isa = PBXFileReference; fileEncoding = 4; lastKnownFileType = sourcecode.swift; path = ActionsTapGestureRecognizer.swift; sourceTree = "<group>"; };
		FF840B9D1FA79A0A00C63159 /* Porsche City.app */ = {isa = PBXFileReference; explicitFileType = wrapper.application; includeInIndex = 0; path = "Porsche City.app"; sourceTree = BUILT_PRODUCTS_DIR; };
		FF840BA01FA79A0A00C63159 /* AppDelegate.swift */ = {isa = PBXFileReference; lastKnownFileType = sourcecode.swift; path = AppDelegate.swift; sourceTree = "<group>"; };
		FF840BA51FA79A0A00C63159 /* Base */ = {isa = PBXFileReference; lastKnownFileType = file.storyboard; name = Base; path = Base.lproj/Main.storyboard; sourceTree = "<group>"; };
		FF840BA71FA79A0A00C63159 /* Assets.xcassets */ = {isa = PBXFileReference; lastKnownFileType = folder.assetcatalog; path = Assets.xcassets; sourceTree = "<group>"; };
		FF840BAA1FA79A0A00C63159 /* Base */ = {isa = PBXFileReference; lastKnownFileType = file.storyboard; name = Base; path = Base.lproj/LaunchScreen.storyboard; sourceTree = "<group>"; };
		FF840BAC1FA79A0A00C63159 /* Info.plist */ = {isa = PBXFileReference; lastKnownFileType = text.plist.xml; path = Info.plist; sourceTree = "<group>"; };
		FFB0405D1FA7A51A00038E18 /* HomeController.swift */ = {isa = PBXFileReference; lastKnownFileType = sourcecode.swift; path = HomeController.swift; sourceTree = "<group>"; };
		FFB0405F1FA7A58500038E18 /* PreferencesController.swift */ = {isa = PBXFileReference; lastKnownFileType = sourcecode.swift; path = PreferencesController.swift; sourceTree = "<group>"; };
		FFB040611FA7A59700038E18 /* CitySelectionController.swift */ = {isa = PBXFileReference; lastKnownFileType = sourcecode.swift; path = CitySelectionController.swift; sourceTree = "<group>"; };
		FFB040631FA7A5A500038E18 /* ProfileController.swift */ = {isa = PBXFileReference; lastKnownFileType = sourcecode.swift; path = ProfileController.swift; sourceTree = "<group>"; };
		FFB040651FA7A5B100038E18 /* ItineraryController.swift */ = {isa = PBXFileReference; lastKnownFileType = sourcecode.swift; path = ItineraryController.swift; sourceTree = "<group>"; };
		FFB040681FA7A6AE00038E18 /* Storyboard.swift */ = {isa = PBXFileReference; fileEncoding = 4; lastKnownFileType = sourcecode.swift; path = Storyboard.swift; sourceTree = "<group>"; };
		FFB0406E1FA7A78300038E18 /* HomeTableController.swift */ = {isa = PBXFileReference; lastKnownFileType = sourcecode.swift; path = HomeTableController.swift; sourceTree = "<group>"; };
		FFB040701FA7A79200038E18 /* PreferencesTableController.swift */ = {isa = PBXFileReference; lastKnownFileType = sourcecode.swift; path = PreferencesTableController.swift; sourceTree = "<group>"; };
		FFB040721FA7A7A400038E18 /* CitySelectionTableController.swift */ = {isa = PBXFileReference; lastKnownFileType = sourcecode.swift; path = CitySelectionTableController.swift; sourceTree = "<group>"; };
		FFB040741FA7A7B900038E18 /* ProfileTableController.swift */ = {isa = PBXFileReference; lastKnownFileType = sourcecode.swift; path = ProfileTableController.swift; sourceTree = "<group>"; };
		FFB040771FA7A7D400038E18 /* ItineraryTableController.swift */ = {isa = PBXFileReference; lastKnownFileType = sourcecode.swift; path = ItineraryTableController.swift; sourceTree = "<group>"; };
		FFB040791FA7AFD500038E18 /* NavyController.swift */ = {isa = PBXFileReference; fileEncoding = 4; lastKnownFileType = sourcecode.swift; path = NavyController.swift; sourceTree = "<group>"; };
		FFB1EE1B1FA7DBB50022D685 /* ImageViewCell.swift */ = {isa = PBXFileReference; fileEncoding = 4; lastKnownFileType = sourcecode.swift; path = ImageViewCell.swift; sourceTree = "<group>"; };
		FFB1EE1C1FA7DBB50022D685 /* ImageViewCell.xib */ = {isa = PBXFileReference; fileEncoding = 4; lastKnownFileType = file.xib; path = ImageViewCell.xib; sourceTree = "<group>"; };
		FFB1EE1F1FA7DC300022D685 /* CollectionCell.swift */ = {isa = PBXFileReference; fileEncoding = 4; lastKnownFileType = sourcecode.swift; path = CollectionCell.swift; sourceTree = "<group>"; };
		FFB1EE201FA7DC310022D685 /* CollectionCell.xib */ = {isa = PBXFileReference; fileEncoding = 4; lastKnownFileType = file.xib; path = CollectionCell.xib; sourceTree = "<group>"; };
		FFB1EE231FA7DC470022D685 /* horizontalItem.swift */ = {isa = PBXFileReference; fileEncoding = 4; lastKnownFileType = sourcecode.swift; path = horizontalItem.swift; sourceTree = "<group>"; };
		FFB1EE241FA7DC470022D685 /* horizontalItem.xib */ = {isa = PBXFileReference; fileEncoding = 4; lastKnownFileType = file.xib; path = horizontalItem.xib; sourceTree = "<group>"; };
		FFBC69051FABFFCE008AE1C9 /* CheckoutSuccessController.swift */ = {isa = PBXFileReference; lastKnownFileType = sourcecode.swift; path = CheckoutSuccessController.swift; sourceTree = "<group>"; };
		FFC0EAA21FA7E10200C4ED9F /* CollectionCell_Clone.xib */ = {isa = PBXFileReference; fileEncoding = 4; lastKnownFileType = file.xib; path = CollectionCell_Clone.xib; sourceTree = "<group>"; };
		FFC0EAA31FA7E10200C4ED9F /* CollectionCell_Clone.swift */ = {isa = PBXFileReference; fileEncoding = 4; lastKnownFileType = sourcecode.swift; path = CollectionCell_Clone.swift; sourceTree = "<group>"; };
/* End PBXFileReference section */

/* Begin PBXFrameworksBuildPhase section */
		563264131FA95C2400C16A37 /* Frameworks */ = {
			isa = PBXFrameworksBuildPhase;
			buildActionMask = 2147483647;
			files = (
			);
			runOnlyForDeploymentPostprocessing = 0;
		};
		FF840B9A1FA79A0900C63159 /* Frameworks */ = {
			isa = PBXFrameworksBuildPhase;
			buildActionMask = 2147483647;
			files = (
			);
			runOnlyForDeploymentPostprocessing = 0;
		};
/* End PBXFrameworksBuildPhase section */

/* Begin PBXGroup section */
		56313D8B1FAC03F200336AF0 /* Controls */ = {
			isa = PBXGroup;
			children = (
				56313D8C1FAC03F300336AF0 /* Toast.swift */,
			);
			path = Controls;
			sourceTree = "<group>";
		};
		5632640B1FA95C2400C16A37 /* WatchApp */ = {
			isa = PBXGroup;
			children = (
				5632640C1FA95C2400C16A37 /* Interface.storyboard */,
				5632640F1FA95C2400C16A37 /* Assets.xcassets */,
				563264111FA95C2400C16A37 /* Info.plist */,
			);
			path = WatchApp;
			sourceTree = "<group>";
		};
		5632641A1FA95C2400C16A37 /* WatchApp Extension */ = {
			isa = PBXGroup;
			children = (
				5632641B1FA95C2400C16A37 /* InterfaceController.swift */,
				5632641D1FA95C2400C16A37 /* ExtensionDelegate.swift */,
				5632641F1FA95C2400C16A37 /* NotificationController.swift */,
				563264211FA95C2400C16A37 /* Assets.xcassets */,
				563264231FA95C2400C16A37 /* Info.plist */,
				563264241FA95C2400C16A37 /* PushNotificationPayload.apns */,
			);
			path = "WatchApp Extension";
			sourceTree = "<group>";
		};
		563264311FAAA08D00C16A37 /* Enums */ = {
			isa = PBXGroup;
			children = (
				563264321FAAA0A200C16A37 /* Enums.swift */,
			);
			path = Enums;
			sourceTree = "<group>";
		};
		8E0C69121FAA23C00054397F /* Landscape */ = {
			isa = PBXGroup;
			children = (
				8E8607B31FABA62100B92685 /* Configuration */,
				8E0C69171FAA9FB30054397F /* TimerStep.swift */,
				8E0C69131FAA23D10054397F /* LandscapeNavViewController.swift */,
				8E0C69151FAA3F1E0054397F /* JourneyCell.swift */,
				8E55B1481FAB74A5005E89E6 /* StepCounter.swift */,
			);
			path = Landscape;
			sourceTree = "<group>";
		};
		8E8607B31FABA62100B92685 /* Configuration */ = {
			isa = PBXGroup;
			children = (
				8E8607BA1FABBC5200B92685 /* ConfigurationController.swift */,
			);
			path = Configuration;
			sourceTree = "<group>";
		};
		FF6002B51FA807440055782D /* Modals */ = {
			isa = PBXGroup;
			children = (
				FF6002B61FA807940055782D /* ValetParkingController.swift */,
				FF6002B81FA807BE0055782D /* HotelCheckInController.swift */,
				FF6002BA1FA807E30055782D /* RideController.swift */,
				FF6002BC1FA807F30055782D /* RoomKeyController.swift */,
				FF27BC721FAA9F04005061C9 /* CheckoutController.swift */,
				FFBC69051FABFFCE008AE1C9 /* CheckoutSuccessController.swift */,
			);
			path = Modals;
			sourceTree = "<group>";
		};
		FF840B941FA79A0900C63159 = {
			isa = PBXGroup;
			children = (
				FF840B9F1FA79A0A00C63159 /* Porsche City */,
				5632640B1FA95C2400C16A37 /* WatchApp */,
				5632641A1FA95C2400C16A37 /* WatchApp Extension */,
				FF840B9E1FA79A0A00C63159 /* Products */,
			);
			sourceTree = "<group>";
		};
		FF840B9E1FA79A0A00C63159 /* Products */ = {
			isa = PBXGroup;
			children = (
				FF840B9D1FA79A0A00C63159 /* Porsche City.app */,
				5632640A1FA95C2400C16A37 /* WatchApp.app */,
				563264161FA95C2400C16A37 /* WatchApp Extension.appex */,
			);
			name = Products;
			sourceTree = "<group>";
		};
		FF840B9F1FA79A0A00C63159 /* Porsche City */ = {
			isa = PBXGroup;
			children = (
				56313D8B1FAC03F200336AF0 /* Controls */,
				8E0C69121FAA23C00054397F /* Landscape */,
				563264311FAAA08D00C16A37 /* Enums */,
				FF840BA01FA79A0A00C63159 /* AppDelegate.swift */,
				FFB040671FA7A6A700038E18 /* Helpers */,
				FF6002B51FA807440055782D /* Modals */,
				FFB040571FA7A4F300038E18 /* BaseLayer */,
				FF840BA41FA79A0A00C63159 /* Main.storyboard */,
				FF6002BE1FA808C40055782D /* Modals.storyboard */,
				FF840BA91FA79A0A00C63159 /* LaunchScreen.storyboard */,
				FF840BA71FA79A0A00C63159 /* Assets.xcassets */,
				FF840BAC1FA79A0A00C63159 /* Info.plist */,
			);
			path = "Porsche City";
			sourceTree = "<group>";
		};
		FFB040571FA7A4F300038E18 /* BaseLayer */ = {
			isa = PBXGroup;
			children = (
				FFB040581FA7A4F300038E18 /* Home */,
				FFB0405B1FA7A4F300038E18 /* Profile */,
				FFB040591FA7A4F300038E18 /* Preferences */,
				FFB0405A1FA7A4F300038E18 /* CitySelection */,
				FFB0405C1FA7A4F300038E18 /* Itinerary */,
			);
			path = BaseLayer;
			sourceTree = "<group>";
		};
		FFB040581FA7A4F300038E18 /* Home */ = {
			isa = PBXGroup;
			children = (
				FFB0406D1FA7A75E00038E18 /* Table */,
				FFB0405D1FA7A51A00038E18 /* HomeController.swift */,
			);
			path = Home;
			sourceTree = "<group>";
		};
		FFB040591FA7A4F300038E18 /* Preferences */ = {
			isa = PBXGroup;
			children = (
				FFB0406C1FA7A74E00038E18 /* Table */,
				FFB0405F1FA7A58500038E18 /* PreferencesController.swift */,
			);
			path = Preferences;
			sourceTree = "<group>";
		};
		FFB0405A1FA7A4F300038E18 /* CitySelection */ = {
			isa = PBXGroup;
			children = (
				FFB0406A1FA7A73300038E18 /* Table */,
				FFB040611FA7A59700038E18 /* CitySelectionController.swift */,
			);
			path = CitySelection;
			sourceTree = "<group>";
		};
		FFB0405B1FA7A4F300038E18 /* Profile */ = {
			isa = PBXGroup;
			children = (
				FFB0406B1FA7A73E00038E18 /* Table */,
				FFB040631FA7A5A500038E18 /* ProfileController.swift */,
			);
			path = Profile;
			sourceTree = "<group>";
		};
		FFB0405C1FA7A4F300038E18 /* Itinerary */ = {
			isa = PBXGroup;
			children = (
				FFB040761FA7A7C800038E18 /* Table */,
				FFB040651FA7A5B100038E18 /* ItineraryController.swift */,
			);
			path = Itinerary;
			sourceTree = "<group>";
		};
		FFB040671FA7A6A700038E18 /* Helpers */ = {
			isa = PBXGroup;
			children = (
				FFB1EE1A1FA7DBB50022D685 /* Cells */,
				FF6002C11FA81D500055782D /* ActionsTapGestureRecognizer.swift */,
				FF37A8711FA7D47D0046D7D5 /* Views+Porsche.swift */,
				FF04826F1FA7CD8500325EB7 /* TableViews+Porsche.swift */,
				FFB040791FA7AFD500038E18 /* NavyController.swift */,
				FFB040681FA7A6AE00038E18 /* Storyboard.swift */,
			);
			path = Helpers;
			sourceTree = "<group>";
		};
		FFB0406A1FA7A73300038E18 /* Table */ = {
			isa = PBXGroup;
			children = (
				FFB040721FA7A7A400038E18 /* CitySelectionTableController.swift */,
			);
			path = Table;
			sourceTree = "<group>";
		};
		FFB0406B1FA7A73E00038E18 /* Table */ = {
			isa = PBXGroup;
			children = (
				FFB040741FA7A7B900038E18 /* ProfileTableController.swift */,
			);
			path = Table;
			sourceTree = "<group>";
		};
		FFB0406C1FA7A74E00038E18 /* Table */ = {
			isa = PBXGroup;
			children = (
				FFB040701FA7A79200038E18 /* PreferencesTableController.swift */,
			);
			path = Table;
			sourceTree = "<group>";
		};
		FFB0406D1FA7A75E00038E18 /* Table */ = {
			isa = PBXGroup;
			children = (
				FFB0406E1FA7A78300038E18 /* HomeTableController.swift */,
			);
			path = Table;
			sourceTree = "<group>";
		};
		FFB040761FA7A7C800038E18 /* Table */ = {
			isa = PBXGroup;
			children = (
				FFB040771FA7A7D400038E18 /* ItineraryTableController.swift */,
			);
			path = Table;
			sourceTree = "<group>";
		};
		FFB1EE1A1FA7DBB50022D685 /* Cells */ = {
			isa = PBXGroup;
			children = (
				FFC0EAA31FA7E10200C4ED9F /* CollectionCell_Clone.swift */,
				FFC0EAA21FA7E10200C4ED9F /* CollectionCell_Clone.xib */,
				FFB1EE1F1FA7DC300022D685 /* CollectionCell.swift */,
				FFB1EE201FA7DC310022D685 /* CollectionCell.xib */,
				FFB1EE231FA7DC470022D685 /* horizontalItem.swift */,
				FFB1EE241FA7DC470022D685 /* horizontalItem.xib */,
				FFB1EE1B1FA7DBB50022D685 /* ImageViewCell.swift */,
				FFB1EE1C1FA7DBB50022D685 /* ImageViewCell.xib */,
			);
			path = Cells;
			sourceTree = "<group>";
		};
/* End PBXGroup section */

/* Begin PBXNativeTarget section */
		563264091FA95C2400C16A37 /* WatchApp */ = {
			isa = PBXNativeTarget;
			buildConfigurationList = 5632642E1FA95C2400C16A37 /* Build configuration list for PBXNativeTarget "WatchApp" */;
			buildPhases = (
				563264081FA95C2400C16A37 /* Resources */,
				5632642D1FA95C2400C16A37 /* Embed App Extensions */,
			);
			buildRules = (
			);
			dependencies = (
				563264191FA95C2400C16A37 /* PBXTargetDependency */,
			);
			name = WatchApp;
			productName = WatchApp;
			productReference = 5632640A1FA95C2400C16A37 /* WatchApp.app */;
			productType = "com.apple.product-type.application.watchapp2";
		};
		563264151FA95C2400C16A37 /* WatchApp Extension */ = {
			isa = PBXNativeTarget;
			buildConfigurationList = 5632642C1FA95C2400C16A37 /* Build configuration list for PBXNativeTarget "WatchApp Extension" */;
			buildPhases = (
				563264121FA95C2400C16A37 /* Sources */,
				563264131FA95C2400C16A37 /* Frameworks */,
				563264141FA95C2400C16A37 /* Resources */,
			);
			buildRules = (
			);
			dependencies = (
			);
			name = "WatchApp Extension";
			productName = "WatchApp Extension";
			productReference = 563264161FA95C2400C16A37 /* WatchApp Extension.appex */;
			productType = "com.apple.product-type.watchkit2-extension";
		};
		FF840B9C1FA79A0900C63159 /* Porsche City */ = {
			isa = PBXNativeTarget;
			buildConfigurationList = FF840BAF1FA79A0A00C63159 /* Build configuration list for PBXNativeTarget "Porsche City" */;
			buildPhases = (
				FF840B991FA79A0900C63159 /* Sources */,
				FF840B9A1FA79A0900C63159 /* Frameworks */,
				FF840B9B1FA79A0900C63159 /* Resources */,
				5632642F1FA95C2400C16A37 /* Embed Watch Content */,
			);
			buildRules = (
			);
			dependencies = (
				563264261FA95C2400C16A37 /* PBXTargetDependency */,
			);
			name = "Porsche City";
			productName = "Porsche City";
			productReference = FF840B9D1FA79A0A00C63159 /* Porsche City.app */;
			productType = "com.apple.product-type.application";
		};
/* End PBXNativeTarget section */

/* Begin PBXProject section */
		FF840B951FA79A0900C63159 /* Project object */ = {
			isa = PBXProject;
			attributes = {
				LastSwiftUpdateCheck = 0910;
				LastUpgradeCheck = 0900;
				ORGANIZATIONNAME = mxnuel;
				TargetAttributes = {
					563264091FA95C2400C16A37 = {
						CreatedOnToolsVersion = 9.1;
						ProvisioningStyle = Automatic;
					};
					563264151FA95C2400C16A37 = {
						CreatedOnToolsVersion = 9.1;
						ProvisioningStyle = Automatic;
					};
					FF840B9C1FA79A0900C63159 = {
						CreatedOnToolsVersion = 9.0.1;
						ProvisioningStyle = Automatic;
					};
				};
			};
			buildConfigurationList = FF840B981FA79A0900C63159 /* Build configuration list for PBXProject "Porsche City" */;
			compatibilityVersion = "Xcode 8.0";
			developmentRegion = en;
			hasScannedForEncodings = 0;
			knownRegions = (
				en,
				Base,
			);
			mainGroup = FF840B941FA79A0900C63159;
			productRefGroup = FF840B9E1FA79A0A00C63159 /* Products */;
			projectDirPath = "";
			projectRoot = "";
			targets = (
				FF840B9C1FA79A0900C63159 /* Porsche City */,
				563264091FA95C2400C16A37 /* WatchApp */,
				563264151FA95C2400C16A37 /* WatchApp Extension */,
			);
		};
/* End PBXProject section */

/* Begin PBXResourcesBuildPhase section */
		563264081FA95C2400C16A37 /* Resources */ = {
			isa = PBXResourcesBuildPhase;
			buildActionMask = 2147483647;
			files = (
				563264101FA95C2400C16A37 /* Assets.xcassets in Resources */,
				5632640E1FA95C2400C16A37 /* Interface.storyboard in Resources */,
			);
			runOnlyForDeploymentPostprocessing = 0;
		};
		563264141FA95C2400C16A37 /* Resources */ = {
			isa = PBXResourcesBuildPhase;
			buildActionMask = 2147483647;
			files = (
				563264301FAA90E000C16A37 /* Assets.xcassets in Resources */,
				563264221FA95C2400C16A37 /* Assets.xcassets in Resources */,
			);
			runOnlyForDeploymentPostprocessing = 0;
		};
		FF840B9B1FA79A0900C63159 /* Resources */ = {
			isa = PBXResourcesBuildPhase;
			buildActionMask = 2147483647;
			files = (
				FF6002C01FA808C40055782D /* Modals.storyboard in Resources */,
				FFB1EE1E1FA7DBB50022D685 /* ImageViewCell.xib in Resources */,
				FF840BAB1FA79A0A00C63159 /* LaunchScreen.storyboard in Resources */,
				FFC0EAA41FA7E10200C4ED9F /* CollectionCell_Clone.xib in Resources */,
				FFB1EE261FA7DC470022D685 /* horizontalItem.xib in Resources */,
				FF840BA81FA79A0A00C63159 /* Assets.xcassets in Resources */,
				FFB1EE221FA7DC310022D685 /* CollectionCell.xib in Resources */,
				FF840BA61FA79A0A00C63159 /* Main.storyboard in Resources */,
			);
			runOnlyForDeploymentPostprocessing = 0;
		};
/* End PBXResourcesBuildPhase section */

/* Begin PBXSourcesBuildPhase section */
		563264121FA95C2400C16A37 /* Sources */ = {
			isa = PBXSourcesBuildPhase;
			buildActionMask = 2147483647;
			files = (
				563264201FA95C2400C16A37 /* NotificationController.swift in Sources */,
				5632641E1FA95C2400C16A37 /* ExtensionDelegate.swift in Sources */,
				563264341FAAA0B000C16A37 /* Enums.swift in Sources */,
				5632641C1FA95C2400C16A37 /* InterfaceController.swift in Sources */,
			);
			runOnlyForDeploymentPostprocessing = 0;
		};
		FF840B991FA79A0900C63159 /* Sources */ = {
			isa = PBXSourcesBuildPhase;
			buildActionMask = 2147483647;
			files = (
				FF37A8721FA7D47D0046D7D5 /* Views+Porsche.swift in Sources */,
				FFB040781FA7A7D400038E18 /* ItineraryTableController.swift in Sources */,
				563264331FAAA0A200C16A37 /* Enums.swift in Sources */,
				FFB1EE251FA7DC470022D685 /* horizontalItem.swift in Sources */,
				FF6002B71FA807940055782D /* ValetParkingController.swift in Sources */,
				FF6002BD1FA807F30055782D /* RoomKeyController.swift in Sources */,
				FFB040641FA7A5A500038E18 /* ProfileController.swift in Sources */,
				FFB0406F1FA7A78300038E18 /* HomeTableController.swift in Sources */,
				8E55B1491FAB74A5005E89E6 /* StepCounter.swift in Sources */,
				FFB1EE211FA7DC310022D685 /* CollectionCell.swift in Sources */,
				FF27BC731FAA9F04005061C9 /* CheckoutController.swift in Sources */,
				FF6002BB1FA807E30055782D /* RideController.swift in Sources */,
				FFB0407A1FA7AFD500038E18 /* NavyController.swift in Sources */,
				FFBC69061FABFFCE008AE1C9 /* CheckoutSuccessController.swift in Sources */,
				FF0482701FA7CD8500325EB7 /* TableViews+Porsche.swift in Sources */,
				FF6002C21FA81D500055782D /* ActionsTapGestureRecognizer.swift in Sources */,
				8E0C69161FAA3F1E0054397F /* JourneyCell.swift in Sources */,
				FFB040751FA7A7B900038E18 /* ProfileTableController.swift in Sources */,
				56313D8D1FAC03F300336AF0 /* Toast.swift in Sources */,
				FFB040661FA7A5B100038E18 /* ItineraryController.swift in Sources */,
				FFB040601FA7A58500038E18 /* PreferencesController.swift in Sources */,
				8E8607BB1FABBC5200B92685 /* ConfigurationController.swift in Sources */,
				FFB040691FA7A6AE00038E18 /* Storyboard.swift in Sources */,
				FFC0EAA51FA7E10200C4ED9F /* CollectionCell_Clone.swift in Sources */,
				8E0C69141FAA23D10054397F /* LandscapeNavViewController.swift in Sources */,
				FFB040711FA7A79200038E18 /* PreferencesTableController.swift in Sources */,
				8E0C69181FAA9FB40054397F /* TimerStep.swift in Sources */,
				FFB040731FA7A7A400038E18 /* CitySelectionTableController.swift in Sources */,
				FF840BA11FA79A0A00C63159 /* AppDelegate.swift in Sources */,
				FFB0405E1FA7A51A00038E18 /* HomeController.swift in Sources */,
				FFB1EE1D1FA7DBB50022D685 /* ImageViewCell.swift in Sources */,
				FFB040621FA7A59700038E18 /* CitySelectionController.swift in Sources */,
				FF6002B91FA807BE0055782D /* HotelCheckInController.swift in Sources */,
			);
			runOnlyForDeploymentPostprocessing = 0;
		};
/* End PBXSourcesBuildPhase section */

/* Begin PBXTargetDependency section */
		563264191FA95C2400C16A37 /* PBXTargetDependency */ = {
			isa = PBXTargetDependency;
			target = 563264151FA95C2400C16A37 /* WatchApp Extension */;
			targetProxy = 563264181FA95C2400C16A37 /* PBXContainerItemProxy */;
		};
		563264261FA95C2400C16A37 /* PBXTargetDependency */ = {
			isa = PBXTargetDependency;
			target = 563264091FA95C2400C16A37 /* WatchApp */;
			targetProxy = 563264251FA95C2400C16A37 /* PBXContainerItemProxy */;
		};
/* End PBXTargetDependency section */

/* Begin PBXVariantGroup section */
		5632640C1FA95C2400C16A37 /* Interface.storyboard */ = {
			isa = PBXVariantGroup;
			children = (
				5632640D1FA95C2400C16A37 /* Base */,
			);
			name = Interface.storyboard;
			sourceTree = "<group>";
		};
		FF6002BE1FA808C40055782D /* Modals.storyboard */ = {
			isa = PBXVariantGroup;
			children = (
				FF6002BF1FA808C40055782D /* Base */,
			);
			name = Modals.storyboard;
			sourceTree = "<group>";
		};
		FF840BA41FA79A0A00C63159 /* Main.storyboard */ = {
			isa = PBXVariantGroup;
			children = (
				FF840BA51FA79A0A00C63159 /* Base */,
			);
			name = Main.storyboard;
			sourceTree = "<group>";
		};
		FF840BA91FA79A0A00C63159 /* LaunchScreen.storyboard */ = {
			isa = PBXVariantGroup;
			children = (
				FF840BAA1FA79A0A00C63159 /* Base */,
			);
			name = LaunchScreen.storyboard;
			sourceTree = "<group>";
		};
/* End PBXVariantGroup section */

/* Begin XCBuildConfiguration section */
		563264281FA95C2400C16A37 /* Debug */ = {
			isa = XCBuildConfiguration;
			buildSettings = {
				ALWAYS_EMBED_SWIFT_STANDARD_LIBRARIES = YES;
				ASSETCATALOG_COMPILER_APPICON_NAME = AppIcon;
				CODE_SIGN_STYLE = Automatic;
				DEVELOPMENT_TEAM = 9M43JR8595;
				IBSC_MODULE = WatchApp_Extension;
				INFOPLIST_FILE = WatchApp/Info.plist;
				PRODUCT_BUNDLE_IDENTIFIER = "com.definityfirst.Porsche-City.watchkitapp";
				PRODUCT_NAME = "$(TARGET_NAME)";
				SDKROOT = watchos;
				SKIP_INSTALL = YES;
				SWIFT_VERSION = 4.0;
				TARGETED_DEVICE_FAMILY = 4;
				WATCHOS_DEPLOYMENT_TARGET = 4.1;
			};
			name = Debug;
		};
		563264291FA95C2400C16A37 /* Release */ = {
			isa = XCBuildConfiguration;
			buildSettings = {
				ALWAYS_EMBED_SWIFT_STANDARD_LIBRARIES = YES;
				ASSETCATALOG_COMPILER_APPICON_NAME = AppIcon;
				CODE_SIGN_STYLE = Automatic;
				DEVELOPMENT_TEAM = 9M43JR8595;
				IBSC_MODULE = WatchApp_Extension;
				INFOPLIST_FILE = WatchApp/Info.plist;
				PRODUCT_BUNDLE_IDENTIFIER = "com.definityfirst.Porsche-City.watchkitapp";
				PRODUCT_NAME = "$(TARGET_NAME)";
				SDKROOT = watchos;
				SKIP_INSTALL = YES;
				SWIFT_VERSION = 4.0;
				TARGETED_DEVICE_FAMILY = 4;
				WATCHOS_DEPLOYMENT_TARGET = 4.1;
			};
			name = Release;
		};
		5632642A1FA95C2400C16A37 /* Debug */ = {
			isa = XCBuildConfiguration;
			buildSettings = {
				ASSETCATALOG_COMPILER_COMPLICATION_NAME = Complication;
				CODE_SIGN_STYLE = Automatic;
				DEVELOPMENT_TEAM = 9M43JR8595;
				INFOPLIST_FILE = "WatchApp Extension/Info.plist";
				LD_RUNPATH_SEARCH_PATHS = "$(inherited) @executable_path/Frameworks @executable_path/../../Frameworks";
				PRODUCT_BUNDLE_IDENTIFIER = "com.definityfirst.Porsche-City.watchkitapp.watchkitextension";
				PRODUCT_NAME = "${TARGET_NAME}";
				SDKROOT = watchos;
				SKIP_INSTALL = YES;
				SWIFT_VERSION = 4.0;
				TARGETED_DEVICE_FAMILY = 4;
				WATCHOS_DEPLOYMENT_TARGET = 4.1;
			};
			name = Debug;
		};
		5632642B1FA95C2400C16A37 /* Release */ = {
			isa = XCBuildConfiguration;
			buildSettings = {
				ASSETCATALOG_COMPILER_COMPLICATION_NAME = Complication;
				CODE_SIGN_STYLE = Automatic;
				DEVELOPMENT_TEAM = 9M43JR8595;
				INFOPLIST_FILE = "WatchApp Extension/Info.plist";
				LD_RUNPATH_SEARCH_PATHS = "$(inherited) @executable_path/Frameworks @executable_path/../../Frameworks";
				PRODUCT_BUNDLE_IDENTIFIER = "com.definityfirst.Porsche-City.watchkitapp.watchkitextension";
				PRODUCT_NAME = "${TARGET_NAME}";
				SDKROOT = watchos;
				SKIP_INSTALL = YES;
				SWIFT_VERSION = 4.0;
				TARGETED_DEVICE_FAMILY = 4;
				WATCHOS_DEPLOYMENT_TARGET = 4.1;
			};
			name = Release;
		};
		FF840BAD1FA79A0A00C63159 /* Debug */ = {
			isa = XCBuildConfiguration;
			buildSettings = {
				ALWAYS_SEARCH_USER_PATHS = NO;
				CLANG_ANALYZER_NONNULL = YES;
				CLANG_ANALYZER_NUMBER_OBJECT_CONVERSION = YES_AGGRESSIVE;
				CLANG_CXX_LANGUAGE_STANDARD = "gnu++14";
				CLANG_CXX_LIBRARY = "libc++";
				CLANG_ENABLE_MODULES = YES;
				CLANG_ENABLE_OBJC_ARC = YES;
				CLANG_WARN_BLOCK_CAPTURE_AUTORELEASING = YES;
				CLANG_WARN_BOOL_CONVERSION = YES;
				CLANG_WARN_COMMA = YES;
				CLANG_WARN_CONSTANT_CONVERSION = YES;
				CLANG_WARN_DIRECT_OBJC_ISA_USAGE = YES_ERROR;
				CLANG_WARN_DOCUMENTATION_COMMENTS = YES;
				CLANG_WARN_EMPTY_BODY = YES;
				CLANG_WARN_ENUM_CONVERSION = YES;
				CLANG_WARN_INFINITE_RECURSION = YES;
				CLANG_WARN_INT_CONVERSION = YES;
				CLANG_WARN_NON_LITERAL_NULL_CONVERSION = YES;
				CLANG_WARN_OBJC_LITERAL_CONVERSION = YES;
				CLANG_WARN_OBJC_ROOT_CLASS = YES_ERROR;
				CLANG_WARN_RANGE_LOOP_ANALYSIS = YES;
				CLANG_WARN_STRICT_PROTOTYPES = YES;
				CLANG_WARN_SUSPICIOUS_MOVE = YES;
				CLANG_WARN_UNGUARDED_AVAILABILITY = YES_AGGRESSIVE;
				CLANG_WARN_UNREACHABLE_CODE = YES;
				CLANG_WARN__DUPLICATE_METHOD_MATCH = YES;
				CODE_SIGN_IDENTITY = "iPhone Developer";
				COPY_PHASE_STRIP = NO;
				DEBUG_INFORMATION_FORMAT = dwarf;
				ENABLE_STRICT_OBJC_MSGSEND = YES;
				ENABLE_TESTABILITY = YES;
				GCC_C_LANGUAGE_STANDARD = gnu11;
				GCC_DYNAMIC_NO_PIC = NO;
				GCC_NO_COMMON_BLOCKS = YES;
				GCC_OPTIMIZATION_LEVEL = 0;
				GCC_PREPROCESSOR_DEFINITIONS = (
					"DEBUG=1",
					"$(inherited)",
				);
				GCC_WARN_64_TO_32_BIT_CONVERSION = YES;
				GCC_WARN_ABOUT_RETURN_TYPE = YES_ERROR;
				GCC_WARN_UNDECLARED_SELECTOR = YES;
				GCC_WARN_UNINITIALIZED_AUTOS = YES_AGGRESSIVE;
				GCC_WARN_UNUSED_FUNCTION = YES;
				GCC_WARN_UNUSED_VARIABLE = YES;
				IPHONEOS_DEPLOYMENT_TARGET = 11.0;
				MTL_ENABLE_DEBUG_INFO = YES;
				ONLY_ACTIVE_ARCH = YES;
				SDKROOT = iphoneos;
				SWIFT_ACTIVE_COMPILATION_CONDITIONS = DEBUG;
				SWIFT_OPTIMIZATION_LEVEL = "-Onone";
			};
			name = Debug;
		};
		FF840BAE1FA79A0A00C63159 /* Release */ = {
			isa = XCBuildConfiguration;
			buildSettings = {
				ALWAYS_SEARCH_USER_PATHS = NO;
				CLANG_ANALYZER_NONNULL = YES;
				CLANG_ANALYZER_NUMBER_OBJECT_CONVERSION = YES_AGGRESSIVE;
				CLANG_CXX_LANGUAGE_STANDARD = "gnu++14";
				CLANG_CXX_LIBRARY = "libc++";
				CLANG_ENABLE_MODULES = YES;
				CLANG_ENABLE_OBJC_ARC = YES;
				CLANG_WARN_BLOCK_CAPTURE_AUTORELEASING = YES;
				CLANG_WARN_BOOL_CONVERSION = YES;
				CLANG_WARN_COMMA = YES;
				CLANG_WARN_CONSTANT_CONVERSION = YES;
				CLANG_WARN_DIRECT_OBJC_ISA_USAGE = YES_ERROR;
				CLANG_WARN_DOCUMENTATION_COMMENTS = YES;
				CLANG_WARN_EMPTY_BODY = YES;
				CLANG_WARN_ENUM_CONVERSION = YES;
				CLANG_WARN_INFINITE_RECURSION = YES;
				CLANG_WARN_INT_CONVERSION = YES;
				CLANG_WARN_NON_LITERAL_NULL_CONVERSION = YES;
				CLANG_WARN_OBJC_LITERAL_CONVERSION = YES;
				CLANG_WARN_OBJC_ROOT_CLASS = YES_ERROR;
				CLANG_WARN_RANGE_LOOP_ANALYSIS = YES;
				CLANG_WARN_STRICT_PROTOTYPES = YES;
				CLANG_WARN_SUSPICIOUS_MOVE = YES;
				CLANG_WARN_UNGUARDED_AVAILABILITY = YES_AGGRESSIVE;
				CLANG_WARN_UNREACHABLE_CODE = YES;
				CLANG_WARN__DUPLICATE_METHOD_MATCH = YES;
				CODE_SIGN_IDENTITY = "iPhone Developer";
				COPY_PHASE_STRIP = NO;
				DEBUG_INFORMATION_FORMAT = "dwarf-with-dsym";
				ENABLE_NS_ASSERTIONS = NO;
				ENABLE_STRICT_OBJC_MSGSEND = YES;
				GCC_C_LANGUAGE_STANDARD = gnu11;
				GCC_NO_COMMON_BLOCKS = YES;
				GCC_WARN_64_TO_32_BIT_CONVERSION = YES;
				GCC_WARN_ABOUT_RETURN_TYPE = YES_ERROR;
				GCC_WARN_UNDECLARED_SELECTOR = YES;
				GCC_WARN_UNINITIALIZED_AUTOS = YES_AGGRESSIVE;
				GCC_WARN_UNUSED_FUNCTION = YES;
				GCC_WARN_UNUSED_VARIABLE = YES;
				IPHONEOS_DEPLOYMENT_TARGET = 11.0;
				MTL_ENABLE_DEBUG_INFO = NO;
				SDKROOT = iphoneos;
				SWIFT_OPTIMIZATION_LEVEL = "-Owholemodule";
				VALIDATE_PRODUCT = YES;
			};
			name = Release;
		};
		FF840BB01FA79A0A00C63159 /* Debug */ = {
			isa = XCBuildConfiguration;
			buildSettings = {
				ASSETCATALOG_COMPILER_APPICON_NAME = AppIcon;
				CODE_SIGN_STYLE = Automatic;
				DEVELOPMENT_TEAM = 9M43JR8595;
				INFOPLIST_FILE = "Porsche City/Info.plist";
				IPHONEOS_DEPLOYMENT_TARGET = 11.0;
				LD_RUNPATH_SEARCH_PATHS = "$(inherited) @executable_path/Frameworks";
				PRODUCT_BUNDLE_IDENTIFIER = "com.definityfirst.Porsche-City";
				PRODUCT_NAME = "$(TARGET_NAME)";
				SWIFT_VERSION = 4.0;
				TARGETED_DEVICE_FAMILY = 1;
			};
			name = Debug;
		};
		FF840BB11FA79A0A00C63159 /* Release */ = {
			isa = XCBuildConfiguration;
			buildSettings = {
				ASSETCATALOG_COMPILER_APPICON_NAME = AppIcon;
				CODE_SIGN_STYLE = Automatic;
				DEVELOPMENT_TEAM = 9M43JR8595;
				INFOPLIST_FILE = "Porsche City/Info.plist";
				IPHONEOS_DEPLOYMENT_TARGET = 11.0;
				LD_RUNPATH_SEARCH_PATHS = "$(inherited) @executable_path/Frameworks";
				PRODUCT_BUNDLE_IDENTIFIER = "com.definityfirst.Porsche-City";
				PRODUCT_NAME = "$(TARGET_NAME)";
				SWIFT_VERSION = 4.0;
				TARGETED_DEVICE_FAMILY = 1;
			};
			name = Release;
		};
/* End XCBuildConfiguration section */

/* Begin XCConfigurationList section */
		5632642C1FA95C2400C16A37 /* Build configuration list for PBXNativeTarget "WatchApp Extension" */ = {
			isa = XCConfigurationList;
			buildConfigurations = (
				5632642A1FA95C2400C16A37 /* Debug */,
				5632642B1FA95C2400C16A37 /* Release */,
			);
			defaultConfigurationIsVisible = 0;
			defaultConfigurationName = Release;
		};
		5632642E1FA95C2400C16A37 /* Build configuration list for PBXNativeTarget "WatchApp" */ = {
			isa = XCConfigurationList;
			buildConfigurations = (
				563264281FA95C2400C16A37 /* Debug */,
				563264291FA95C2400C16A37 /* Release */,
			);
			defaultConfigurationIsVisible = 0;
			defaultConfigurationName = Release;
		};
		FF840B981FA79A0900C63159 /* Build configuration list for PBXProject "Porsche City" */ = {
			isa = XCConfigurationList;
			buildConfigurations = (
				FF840BAD1FA79A0A00C63159 /* Debug */,
				FF840BAE1FA79A0A00C63159 /* Release */,
			);
			defaultConfigurationIsVisible = 0;
			defaultConfigurationName = Release;
		};
		FF840BAF1FA79A0A00C63159 /* Build configuration list for PBXNativeTarget "Porsche City" */ = {
			isa = XCConfigurationList;
			buildConfigurations = (
				FF840BB01FA79A0A00C63159 /* Debug */,
				FF840BB11FA79A0A00C63159 /* Release */,
			);
			defaultConfigurationIsVisible = 0;
			defaultConfigurationName = Release;
		};
/* End XCConfigurationList section */
	};
	rootObject = FF840B951FA79A0900C63159 /* Project object */;
}
